// !$*UTF8*$!
{
	archiveVersion = 1;
	classes = {
	};
	objectVersion = 50;
	objects = {

/* Begin PBXBuildFile section */
		9D198577238AE05500EC4CC9 /* Character.swift in Sources */ = {isa = PBXBuildFile; fileRef = 9D198576238AE05500EC4CC9 /* Character.swift */; };
		9D19886F238B0F6400EC4CC9 /* DetailViewController.swift in Sources */ = {isa = PBXBuildFile; fileRef = 9D19886E238B0F6400EC4CC9 /* DetailViewController.swift */; };
		9D69FF4A238D1B5500DFB068 /* CharacterModel.swift in Sources */ = {isa = PBXBuildFile; fileRef = 9D69FF49238D1B5500DFB068 /* CharacterModel.swift */; };
		9D70ED532386DFAC003D357F /* CharacterCell.swift in Sources */ = {isa = PBXBuildFile; fileRef = 9D70ED522386DFAC003D357F /* CharacterCell.swift */; };
		9DE05BF12381E3FA0061AC2E /* AppDelegate.swift in Sources */ = {isa = PBXBuildFile; fileRef = 9DE05BF02381E3FA0061AC2E /* AppDelegate.swift */; };
		9DE05BF52381E3FA0061AC2E /* ListViewController.swift in Sources */ = {isa = PBXBuildFile; fileRef = 9DE05BF42381E3FA0061AC2E /* ListViewController.swift */; };
		9DE05BFA2381E3FB0061AC2E /* Assets.xcassets in Resources */ = {isa = PBXBuildFile; fileRef = 9DE05BF92381E3FB0061AC2E /* Assets.xcassets */; };
		9DE05BFD2381E3FB0061AC2E /* LaunchScreen.storyboard in Resources */ = {isa = PBXBuildFile; fileRef = 9DE05BFB2381E3FB0061AC2E /* LaunchScreen.storyboard */; };
		9DE05C082381E3FC0061AC2E /* MarvelMVCTests.swift in Sources */ = {isa = PBXBuildFile; fileRef = 9DE05C072381E3FC0061AC2E /* MarvelMVCTests.swift */; };
		9DE05C132381E3FC0061AC2E /* MarvelMVCUITests.swift in Sources */ = {isa = PBXBuildFile; fileRef = 9DE05C122381E3FC0061AC2E /* MarvelMVCUITests.swift */; };
		9DE05C232381EC3C0061AC2E /* CharacterResponse.swift in Sources */ = {isa = PBXBuildFile; fileRef = 9DE05C222381EC3C0061AC2E /* CharacterResponse.swift */; };
/* End PBXBuildFile section */

/* Begin PBXContainerItemProxy section */
		9DE05C042381E3FC0061AC2E /* PBXContainerItemProxy */ = {
			isa = PBXContainerItemProxy;
			containerPortal = 9DE05BE52381E3FA0061AC2E /* Project object */;
			proxyType = 1;
			remoteGlobalIDString = 9DE05BEC2381E3FA0061AC2E;
			remoteInfo = MarvelMVC;
		};
		9DE05C0F2381E3FC0061AC2E /* PBXContainerItemProxy */ = {
			isa = PBXContainerItemProxy;
			containerPortal = 9DE05BE52381E3FA0061AC2E /* Project object */;
			proxyType = 1;
			remoteGlobalIDString = 9DE05BEC2381E3FA0061AC2E;
			remoteInfo = MarvelMVC;
		};
/* End PBXContainerItemProxy section */

/* Begin PBXFileReference section */
		9D198576238AE05500EC4CC9 /* Character.swift */ = {isa = PBXFileReference; lastKnownFileType = sourcecode.swift; path = Character.swift; sourceTree = "<group>"; };
		9D19886E238B0F6400EC4CC9 /* DetailViewController.swift */ = {isa = PBXFileReference; lastKnownFileType = sourcecode.swift; path = DetailViewController.swift; sourceTree = "<group>"; };
		9D69FF49238D1B5500DFB068 /* CharacterModel.swift */ = {isa = PBXFileReference; lastKnownFileType = sourcecode.swift; path = CharacterModel.swift; sourceTree = "<group>"; };
		9D70ED522386DFAC003D357F /* CharacterCell.swift */ = {isa = PBXFileReference; lastKnownFileType = sourcecode.swift; path = CharacterCell.swift; sourceTree = "<group>"; };
		9DE05BED2381E3FA0061AC2E /* MarvelMVC.app */ = {isa = PBXFileReference; explicitFileType = wrapper.application; includeInIndex = 0; path = MarvelMVC.app; sourceTree = BUILT_PRODUCTS_DIR; };
		9DE05BF02381E3FA0061AC2E /* AppDelegate.swift */ = {isa = PBXFileReference; lastKnownFileType = sourcecode.swift; path = AppDelegate.swift; sourceTree = "<group>"; };
		9DE05BF42381E3FA0061AC2E /* ListViewController.swift */ = {isa = PBXFileReference; lastKnownFileType = sourcecode.swift; path = ListViewController.swift; sourceTree = "<group>"; };
		9DE05BF92381E3FB0061AC2E /* Assets.xcassets */ = {isa = PBXFileReference; lastKnownFileType = folder.assetcatalog; path = Assets.xcassets; sourceTree = "<group>"; };
		9DE05BFC2381E3FB0061AC2E /* Base */ = {isa = PBXFileReference; lastKnownFileType = file.storyboard; name = Base; path = Base.lproj/LaunchScreen.storyboard; sourceTree = "<group>"; };
		9DE05BFE2381E3FB0061AC2E /* Info.plist */ = {isa = PBXFileReference; lastKnownFileType = text.plist.xml; path = Info.plist; sourceTree = "<group>"; };
		9DE05C032381E3FC0061AC2E /* MarvelMVCTests.xctest */ = {isa = PBXFileReference; explicitFileType = wrapper.cfbundle; includeInIndex = 0; path = MarvelMVCTests.xctest; sourceTree = BUILT_PRODUCTS_DIR; };
		9DE05C072381E3FC0061AC2E /* MarvelMVCTests.swift */ = {isa = PBXFileReference; lastKnownFileType = sourcecode.swift; path = MarvelMVCTests.swift; sourceTree = "<group>"; };
		9DE05C092381E3FC0061AC2E /* Info.plist */ = {isa = PBXFileReference; lastKnownFileType = text.plist.xml; path = Info.plist; sourceTree = "<group>"; };
		9DE05C0E2381E3FC0061AC2E /* MarvelMVCUITests.xctest */ = {isa = PBXFileReference; explicitFileType = wrapper.cfbundle; includeInIndex = 0; path = MarvelMVCUITests.xctest; sourceTree = BUILT_PRODUCTS_DIR; };
		9DE05C122381E3FC0061AC2E /* MarvelMVCUITests.swift */ = {isa = PBXFileReference; lastKnownFileType = sourcecode.swift; path = MarvelMVCUITests.swift; sourceTree = "<group>"; };
		9DE05C142381E3FC0061AC2E /* Info.plist */ = {isa = PBXFileReference; lastKnownFileType = text.plist.xml; path = Info.plist; sourceTree = "<group>"; };
		9DE05C222381EC3C0061AC2E /* CharacterResponse.swift */ = {isa = PBXFileReference; lastKnownFileType = sourcecode.swift; path = CharacterResponse.swift; sourceTree = "<group>"; };
/* End PBXFileReference section */

/* Begin PBXFrameworksBuildPhase section */
		9DE05BEA2381E3FA0061AC2E /* Frameworks */ = {
			isa = PBXFrameworksBuildPhase;
			buildActionMask = 2147483647;
			files = (
			);
			runOnlyForDeploymentPostprocessing = 0;
		};
		9DE05C002381E3FC0061AC2E /* Frameworks */ = {
			isa = PBXFrameworksBuildPhase;
			buildActionMask = 2147483647;
			files = (
			);
			runOnlyForDeploymentPostprocessing = 0;
		};
		9DE05C0B2381E3FC0061AC2E /* Frameworks */ = {
			isa = PBXFrameworksBuildPhase;
			buildActionMask = 2147483647;
			files = (
			);
			runOnlyForDeploymentPostprocessing = 0;
		};
/* End PBXFrameworksBuildPhase section */

/* Begin PBXGroup section */
		9DE05BE42381E3FA0061AC2E = {
			isa = PBXGroup;
			children = (
				9DE05BEF2381E3FA0061AC2E /* MarvelMVC */,
				9DE05C062381E3FC0061AC2E /* MarvelMVCTests */,
				9DE05C112381E3FC0061AC2E /* MarvelMVCUITests */,
				9DE05BEE2381E3FA0061AC2E /* Products */,
			);
			sourceTree = "<group>";
		};
		9DE05BEE2381E3FA0061AC2E /* Products */ = {
			isa = PBXGroup;
			children = (
				9DE05BED2381E3FA0061AC2E /* MarvelMVC.app */,
				9DE05C032381E3FC0061AC2E /* MarvelMVCTests.xctest */,
				9DE05C0E2381E3FC0061AC2E /* MarvelMVCUITests.xctest */,
			);
			name = Products;
			sourceTree = "<group>";
		};
		9DE05BEF2381E3FA0061AC2E /* MarvelMVC */ = {
			isa = PBXGroup;
			children = (
				9DE05BF02381E3FA0061AC2E /* AppDelegate.swift */,
				9DE05BF42381E3FA0061AC2E /* ListViewController.swift */,
				9D69FF49238D1B5500DFB068 /* CharacterModel.swift */,
				9D19886E238B0F6400EC4CC9 /* DetailViewController.swift */,
				9D70ED522386DFAC003D357F /* CharacterCell.swift */,
				9DE05C222381EC3C0061AC2E /* CharacterResponse.swift */,
				9D198576238AE05500EC4CC9 /* Character.swift */,
				9DE05BF92381E3FB0061AC2E /* Assets.xcassets */,
				9DE05BFB2381E3FB0061AC2E /* LaunchScreen.storyboard */,
				9DE05BFE2381E3FB0061AC2E /* Info.plist */,
			);
			path = MarvelMVC;
			sourceTree = "<group>";
		};
		9DE05C062381E3FC0061AC2E /* MarvelMVCTests */ = {
			isa = PBXGroup;
			children = (
				9DE05C072381E3FC0061AC2E /* MarvelMVCTests.swift */,
				9DE05C092381E3FC0061AC2E /* Info.plist */,
			);
			path = MarvelMVCTests;
			sourceTree = "<group>";
		};
		9DE05C112381E3FC0061AC2E /* MarvelMVCUITests */ = {
			isa = PBXGroup;
			children = (
				9DE05C122381E3FC0061AC2E /* MarvelMVCUITests.swift */,
				9DE05C142381E3FC0061AC2E /* Info.plist */,
			);
			path = MarvelMVCUITests;
			sourceTree = "<group>";
		};
/* End PBXGroup section */

/* Begin PBXNativeTarget section */
		9DE05BEC2381E3FA0061AC2E /* MarvelMVC */ = {
			isa = PBXNativeTarget;
			buildConfigurationList = 9DE05C172381E3FC0061AC2E /* Build configuration list for PBXNativeTarget "MarvelMVC" */;
			buildPhases = (
				9DE05BE92381E3FA0061AC2E /* Sources */,
				9DE05BEA2381E3FA0061AC2E /* Frameworks */,
				9DE05BEB2381E3FA0061AC2E /* Resources */,
			);
			buildRules = (
			);
			dependencies = (
			);
			name = MarvelMVC;
			productName = MarvelMVC;
			productReference = 9DE05BED2381E3FA0061AC2E /* MarvelMVC.app */;
			productType = "com.apple.product-type.application";
		};
		9DE05C022381E3FC0061AC2E /* MarvelMVCTests */ = {
			isa = PBXNativeTarget;
			buildConfigurationList = 9DE05C1A2381E3FC0061AC2E /* Build configuration list for PBXNativeTarget "MarvelMVCTests" */;
			buildPhases = (
				9DE05BFF2381E3FC0061AC2E /* Sources */,
				9DE05C002381E3FC0061AC2E /* Frameworks */,
				9DE05C012381E3FC0061AC2E /* Resources */,
			);
			buildRules = (
			);
			dependencies = (
				9DE05C052381E3FC0061AC2E /* PBXTargetDependency */,
			);
			name = MarvelMVCTests;
			productName = MarvelMVCTests;
			productReference = 9DE05C032381E3FC0061AC2E /* MarvelMVCTests.xctest */;
			productType = "com.apple.product-type.bundle.unit-test";
		};
		9DE05C0D2381E3FC0061AC2E /* MarvelMVCUITests */ = {
			isa = PBXNativeTarget;
			buildConfigurationList = 9DE05C1D2381E3FC0061AC2E /* Build configuration list for PBXNativeTarget "MarvelMVCUITests" */;
			buildPhases = (
				9DE05C0A2381E3FC0061AC2E /* Sources */,
				9DE05C0B2381E3FC0061AC2E /* Frameworks */,
				9DE05C0C2381E3FC0061AC2E /* Resources */,
			);
			buildRules = (
			);
			dependencies = (
				9DE05C102381E3FC0061AC2E /* PBXTargetDependency */,
			);
			name = MarvelMVCUITests;
			productName = MarvelMVCUITests;
			productReference = 9DE05C0E2381E3FC0061AC2E /* MarvelMVCUITests.xctest */;
			productType = "com.apple.product-type.bundle.ui-testing";
		};
/* End PBXNativeTarget section */

/* Begin PBXProject section */
		9DE05BE52381E3FA0061AC2E /* Project object */ = {
			isa = PBXProject;
			attributes = {
				LastSwiftUpdateCheck = 1110;
				LastUpgradeCheck = 1110;
				ORGANIZATIONNAME = "David Ludlow";
				TargetAttributes = {
					9DE05BEC2381E3FA0061AC2E = {
						CreatedOnToolsVersion = 11.1;
					};
					9DE05C022381E3FC0061AC2E = {
						CreatedOnToolsVersion = 11.1;
						TestTargetID = 9DE05BEC2381E3FA0061AC2E;
					};
					9DE05C0D2381E3FC0061AC2E = {
						CreatedOnToolsVersion = 11.1;
						TestTargetID = 9DE05BEC2381E3FA0061AC2E;
					};
				};
			};
			buildConfigurationList = 9DE05BE82381E3FA0061AC2E /* Build configuration list for PBXProject "MarvelMVC" */;
			compatibilityVersion = "Xcode 9.3";
			developmentRegion = en;
			hasScannedForEncodings = 0;
			knownRegions = (
				en,
				Base,
			);
			mainGroup = 9DE05BE42381E3FA0061AC2E;
			productRefGroup = 9DE05BEE2381E3FA0061AC2E /* Products */;
			projectDirPath = "";
			projectRoot = "";
			targets = (
				9DE05BEC2381E3FA0061AC2E /* MarvelMVC */,
				9DE05C022381E3FC0061AC2E /* MarvelMVCTests */,
				9DE05C0D2381E3FC0061AC2E /* MarvelMVCUITests */,
			);
		};
/* End PBXProject section */

/* Begin PBXResourcesBuildPhase section */
		9DE05BEB2381E3FA0061AC2E /* Resources */ = {
			isa = PBXResourcesBuildPhase;
			buildActionMask = 2147483647;
			files = (
				9DE05BFD2381E3FB0061AC2E /* LaunchScreen.storyboard in Resources */,
				9DE05BFA2381E3FB0061AC2E /* Assets.xcassets in Resources */,
			);
			runOnlyForDeploymentPostprocessing = 0;
		};
		9DE05C012381E3FC0061AC2E /* Resources */ = {
			isa = PBXResourcesBuildPhase;
			buildActionMask = 2147483647;
			files = (
			);
			runOnlyForDeploymentPostprocessing = 0;
		};
		9DE05C0C2381E3FC0061AC2E /* Resources */ = {
			isa = PBXResourcesBuildPhase;
			buildActionMask = 2147483647;
			files = (
			);
			runOnlyForDeploymentPostprocessing = 0;
		};
/* End PBXResourcesBuildPhase section */

/* Begin PBXSourcesBuildPhase section */
		9DE05BE92381E3FA0061AC2E /* Sources */ = {
			isa = PBXSourcesBuildPhase;
			buildActionMask = 2147483647;
			files = (
				9DE05C232381EC3C0061AC2E /* CharacterResponse.swift in Sources */,
				9DE05BF52381E3FA0061AC2E /* ListViewController.swift in Sources */,
				9D198577238AE05500EC4CC9 /* Character.swift in Sources */,
				9D19886F238B0F6400EC4CC9 /* DetailViewController.swift in Sources */,
				9D70ED532386DFAC003D357F /* CharacterCell.swift in Sources */,
				9D69FF4A238D1B5500DFB068 /* CharacterModel.swift in Sources */,
				9DE05BF12381E3FA0061AC2E /* AppDelegate.swift in Sources */,
			);
			runOnlyForDeploymentPostprocessing = 0;
		};
		9DE05BFF2381E3FC0061AC2E /* Sources */ = {
			isa = PBXSourcesBuildPhase;
			buildActionMask = 2147483647;
			files = (
				9DE05C082381E3FC0061AC2E /* MarvelMVCTests.swift in Sources */,
			);
			runOnlyForDeploymentPostprocessing = 0;
		};
		9DE05C0A2381E3FC0061AC2E /* Sources */ = {
			isa = PBXSourcesBuildPhase;
			buildActionMask = 2147483647;
			files = (
				9DE05C132381E3FC0061AC2E /* MarvelMVCUITests.swift in Sources */,
			);
			runOnlyForDeploymentPostprocessing = 0;
		};
/* End PBXSourcesBuildPhase section */

/* Begin PBXTargetDependency section */
		9DE05C052381E3FC0061AC2E /* PBXTargetDependency */ = {
			isa = PBXTargetDependency;
			target = 9DE05BEC2381E3FA0061AC2E /* MarvelMVC */;
			targetProxy = 9DE05C042381E3FC0061AC2E /* PBXContainerItemProxy */;
		};
		9DE05C102381E3FC0061AC2E /* PBXTargetDependency */ = {
			isa = PBXTargetDependency;
			target = 9DE05BEC2381E3FA0061AC2E /* MarvelMVC */;
			targetProxy = 9DE05C0F2381E3FC0061AC2E /* PBXContainerItemProxy */;
		};
/* End PBXTargetDependency section */

/* Begin PBXVariantGroup section */
		9DE05BFB2381E3FB0061AC2E /* LaunchScreen.storyboard */ = {
			isa = PBXVariantGroup;
			children = (
				9DE05BFC2381E3FB0061AC2E /* Base */,
			);
			name = LaunchScreen.storyboard;
			sourceTree = "<group>";
		};
/* End PBXVariantGroup section */

/* Begin XCBuildConfiguration section */
		9DE05C152381E3FC0061AC2E /* Debug */ = {
			isa = XCBuildConfiguration;
			buildSettings = {
				ALWAYS_SEARCH_USER_PATHS = NO;
				CLANG_ANALYZER_NONNULL = YES;
				CLANG_ANALYZER_NUMBER_OBJECT_CONVERSION = YES_AGGRESSIVE;
				CLANG_CXX_LANGUAGE_STANDARD = "gnu++14";
				CLANG_CXX_LIBRARY = "libc++";
				CLANG_ENABLE_MODULES = YES;
				CLANG_ENABLE_OBJC_ARC = YES;
				CLANG_ENABLE_OBJC_WEAK = YES;
				CLANG_WARN_BLOCK_CAPTURE_AUTORELEASING = YES;
				CLANG_WARN_BOOL_CONVERSION = YES;
				CLANG_WARN_COMMA = YES;
				CLANG_WARN_CONSTANT_CONVERSION = YES;
				CLANG_WARN_DEPRECATED_OBJC_IMPLEMENTATIONS = YES;
				CLANG_WARN_DIRECT_OBJC_ISA_USAGE = YES_ERROR;
				CLANG_WARN_DOCUMENTATION_COMMENTS = YES;
				CLANG_WARN_EMPTY_BODY = YES;
				CLANG_WARN_ENUM_CONVERSION = YES;
				CLANG_WARN_INFINITE_RECURSION = YES;
				CLANG_WARN_INT_CONVERSION = YES;
				CLANG_WARN_NON_LITERAL_NULL_CONVERSION = YES;
				CLANG_WARN_OBJC_IMPLICIT_RETAIN_SELF = YES;
				CLANG_WARN_OBJC_LITERAL_CONVERSION = YES;
				CLANG_WARN_OBJC_ROOT_CLASS = YES_ERROR;
				CLANG_WARN_RANGE_LOOP_ANALYSIS = YES;
				CLANG_WARN_STRICT_PROTOTYPES = YES;
				CLANG_WARN_SUSPICIOUS_MOVE = YES;
				CLANG_WARN_UNGUARDED_AVAILABILITY = YES_AGGRESSIVE;
				CLANG_WARN_UNREACHABLE_CODE = YES;
				CLANG_WARN__DUPLICATE_METHOD_MATCH = YES;
				COPY_PHASE_STRIP = NO;
				DEBUG_INFORMATION_FORMAT = dwarf;
				ENABLE_STRICT_OBJC_MSGSEND = YES;
				ENABLE_TESTABILITY = YES;
				GCC_C_LANGUAGE_STANDARD = gnu11;
				GCC_DYNAMIC_NO_PIC = NO;
				GCC_NO_COMMON_BLOCKS = YES;
				GCC_OPTIMIZATION_LEVEL = 0;
				GCC_PREPROCESSOR_DEFINITIONS = (
					"DEBUG=1",
					"$(inherited)",
				);
				GCC_WARN_64_TO_32_BIT_CONVERSION = YES;
				GCC_WARN_ABOUT_RETURN_TYPE = YES_ERROR;
				GCC_WARN_UNDECLARED_SELECTOR = YES;
				GCC_WARN_UNINITIALIZED_AUTOS = YES_AGGRESSIVE;
				GCC_WARN_UNUSED_FUNCTION = YES;
				GCC_WARN_UNUSED_VARIABLE = YES;
				IPHONEOS_DEPLOYMENT_TARGET = 13.1;
				MTL_ENABLE_DEBUG_INFO = INCLUDE_SOURCE;
				MTL_FAST_MATH = YES;
				ONLY_ACTIVE_ARCH = YES;
				SDKROOT = iphoneos;
				SWIFT_ACTIVE_COMPILATION_CONDITIONS = DEBUG;
				SWIFT_OPTIMIZATION_LEVEL = "-Onone";
			};
			name = Debug;
		};
		9DE05C162381E3FC0061AC2E /* Release */ = {
			isa = XCBuildConfiguration;
			buildSettings = {
				ALWAYS_SEARCH_USER_PATHS = NO;
				CLANG_ANALYZER_NONNULL = YES;
				CLANG_ANALYZER_NUMBER_OBJECT_CONVERSION = YES_AGGRESSIVE;
				CLANG_CXX_LANGUAGE_STANDARD = "gnu++14";
				CLANG_CXX_LIBRARY = "libc++";
				CLANG_ENABLE_MODULES = YES;
				CLANG_ENABLE_OBJC_ARC = YES;
				CLANG_ENABLE_OBJC_WEAK = YES;
				CLANG_WARN_BLOCK_CAPTURE_AUTORELEASING = YES;
				CLANG_WARN_BOOL_CONVERSION = YES;
				CLANG_WARN_COMMA = YES;
				CLANG_WARN_CONSTANT_CONVERSION = YES;
				CLANG_WARN_DEPRECATED_OBJC_IMPLEMENTATIONS = YES;
				CLANG_WARN_DIRECT_OBJC_ISA_USAGE = YES_ERROR;
				CLANG_WARN_DOCUMENTATION_COMMENTS = YES;
				CLANG_WARN_EMPTY_BODY = YES;
				CLANG_WARN_ENUM_CONVERSION = YES;
				CLANG_WARN_INFINITE_RECURSION = YES;
				CLANG_WARN_INT_CONVERSION = YES;
				CLANG_WARN_NON_LITERAL_NULL_CONVERSION = YES;
				CLANG_WARN_OBJC_IMPLICIT_RETAIN_SELF = YES;
				CLANG_WARN_OBJC_LITERAL_CONVERSION = YES;
				CLANG_WARN_OBJC_ROOT_CLASS = YES_ERROR;
				CLANG_WARN_RANGE_LOOP_ANALYSIS = YES;
				CLANG_WARN_STRICT_PROTOTYPES = YES;
				CLANG_WARN_SUSPICIOUS_MOVE = YES;
				CLANG_WARN_UNGUARDED_AVAILABILITY = YES_AGGRESSIVE;
				CLANG_WARN_UNREACHABLE_CODE = YES;
				CLANG_WARN__DUPLICATE_METHOD_MATCH = YES;
				COPY_PHASE_STRIP = NO;
				DEBUG_INFORMATION_FORMAT = "dwarf-with-dsym";
				ENABLE_NS_ASSERTIONS = NO;
				ENABLE_STRICT_OBJC_MSGSEND = YES;
				GCC_C_LANGUAGE_STANDARD = gnu11;
				GCC_NO_COMMON_BLOCKS = YES;
				GCC_WARN_64_TO_32_BIT_CONVERSION = YES;
				GCC_WARN_ABOUT_RETURN_TYPE = YES_ERROR;
				GCC_WARN_UNDECLARED_SELECTOR = YES;
				GCC_WARN_UNINITIALIZED_AUTOS = YES_AGGRESSIVE;
				GCC_WARN_UNUSED_FUNCTION = YES;
				GCC_WARN_UNUSED_VARIABLE = YES;
				IPHONEOS_DEPLOYMENT_TARGET = 13.1;
				MTL_ENABLE_DEBUG_INFO = NO;
				MTL_FAST_MATH = YES;
				SDKROOT = iphoneos;
				SWIFT_COMPILATION_MODE = wholemodule;
				SWIFT_OPTIMIZATION_LEVEL = "-O";
				VALIDATE_PRODUCT = YES;
			};
			name = Release;
		};
		9DE05C182381E3FC0061AC2E /* Debug */ = {
			isa = XCBuildConfiguration;
			buildSettings = {
				ASSETCATALOG_COMPILER_APPICON_NAME = AppIcon;
				CODE_SIGN_STYLE = Automatic;
				DEVELOPMENT_TEAM = 8LH8BV5L45;
				INFOPLIST_FILE = MarvelMVC/Info.plist;
				LD_RUNPATH_SEARCH_PATHS = (
					"$(inherited)",
					"@executable_path/Frameworks",
				);
				PRODUCT_BUNDLE_IDENTIFIER = com.dludlow7.MarvelMVC;
				PRODUCT_NAME = "$(TARGET_NAME)";
				SWIFT_VERSION = 5.0;
				TARGETED_DEVICE_FAMILY = "1,2";
			};
			name = Debug;
		};
		9DE05C192381E3FC0061AC2E /* Release */ = {
			isa = XCBuildConfiguration;
			buildSettings = {
				ASSETCATALOG_COMPILER_APPICON_NAME = AppIcon;
				CODE_SIGN_STYLE = Automatic;
				DEVELOPMENT_TEAM = 8LH8BV5L45;
				INFOPLIST_FILE = MarvelMVC/Info.plist;
				LD_RUNPATH_SEARCH_PATHS = (
					"$(inherited)",
					"@executable_path/Frameworks",
				);
				PRODUCT_BUNDLE_IDENTIFIER = com.dludlow7.MarvelMVC;
				PRODUCT_NAME = "$(TARGET_NAME)";
				SWIFT_VERSION = 5.0;
				TARGETED_DEVICE_FAMILY = "1,2";
			};
			name = Release;
		};
		9DE05C1B2381E3FC0061AC2E /* Debug */ = {
			isa = XCBuildConfiguration;
			buildSettings = {
				ALWAYS_EMBED_SWIFT_STANDARD_LIBRARIES = YES;
				BUNDLE_LOADER = "$(TEST_HOST)";
				CODE_SIGN_STYLE = Automatic;
				DEVELOPMENT_TEAM = 8LH8BV5L45;
				INFOPLIST_FILE = MarvelMVCTests/Info.plist;
				IPHONEOS_DEPLOYMENT_TARGET = 13.1;
				LD_RUNPATH_SEARCH_PATHS = (
					"$(inherited)",
					"@executable_path/Frameworks",
					"@loader_path/Frameworks",
				);
				PRODUCT_BUNDLE_IDENTIFIER = com.dludlow7.MarvelMVCTests;
				PRODUCT_NAME = "$(TARGET_NAME)";
				SWIFT_VERSION = 5.0;
				TARGETED_DEVICE_FAMILY = "1,2";
				TEST_HOST = "$(BUILT_PRODUCTS_DIR)/MarvelMVC.app/MarvelMVC";
			};
			name = Debug;
		};
		9DE05C1C2381E3FC0061AC2E /* Release */ = {
			isa = XCBuildConfiguration;
			buildSettings = {
				ALWAYS_EMBED_SWIFT_STANDARD_LIBRARIES = YES;
				BUNDLE_LOADER = "$(TEST_HOST)";
				CODE_SIGN_STYLE = Automatic;
				DEVELOPMENT_TEAM = 8LH8BV5L45;
				INFOPLIST_FILE = MarvelMVCTests/Info.plist;
				IPHONEOS_DEPLOYMENT_TARGET = 13.1;
				LD_RUNPATH_SEARCH_PATHS = (
					"$(inherited)",
					"@executable_path/Frameworks",
					"@loader_path/Frameworks",
				);
				PRODUCT_BUNDLE_IDENTIFIER = com.dludlow7.MarvelMVCTests;
				PRODUCT_NAME = "$(TARGET_NAME)";
				SWIFT_VERSION = 5.0;
				TARGETED_DEVICE_FAMILY = "1,2";
				TEST_HOST = "$(BUILT_PRODUCTS_DIR)/MarvelMVC.app/MarvelMVC";
			};
			name = Release;
		};
		9DE05C1E2381E3FC0061AC2E /* Debug */ = {
			isa = XCBuildConfiguration;
			buildSettings = {
				ALWAYS_EMBED_SWIFT_STANDARD_LIBRARIES = YES;
				CODE_SIGN_STYLE = Automatic;
				DEVELOPMENT_TEAM = 8LH8BV5L45;
				INFOPLIST_FILE = MarvelMVCUITests/Info.plist;
				LD_RUNPATH_SEARCH_PATHS = (
					"$(inherited)",
					"@executable_path/Frameworks",
					"@loader_path/Frameworks",
				);
				PRODUCT_BUNDLE_IDENTIFIER = com.dludlow7.MarvelMVCUITests;
				PRODUCT_NAME = "$(TARGET_NAME)";
				SWIFT_VERSION = 5.0;
				TARGETED_DEVICE_FAMILY = "1,2";
				TEST_TARGET_NAME = MarvelMVC;
			};
			name = Debug;
		};
		9DE05C1F2381E3FC0061AC2E /* Release */ = {
			isa = XCBuildConfiguration;
			buildSettings = {
				ALWAYS_EMBED_SWIFT_STANDARD_LIBRARIES = YES;
				CODE_SIGN_STYLE = Automatic;
				DEVELOPMENT_TEAM = 8LH8BV5L45;
				INFOPLIST_FILE = MarvelMVCUITests/Info.plist;
				LD_RUNPATH_SEARCH_PATHS = (
					"$(inherited)",
					"@executable_path/Frameworks",
					"@loader_path/Frameworks",
				);
				PRODUCT_BUNDLE_IDENTIFIER = com.dludlow7.MarvelMVCUITests;
				PRODUCT_NAME = "$(TARGET_NAME)";
				SWIFT_VERSION = 5.0;
				TARGETED_DEVICE_FAMILY = "1,2";
				TEST_TARGET_NAME = MarvelMVC;
			};
			name = Release;
		};
/* End XCBuildConfiguration section */

/* Begin XCConfigurationList section */
		9DE05BE82381E3FA0061AC2E /* Build configuration list for PBXProject "MarvelMVC" */ = {
			isa = XCConfigurationList;
			buildConfigurations = (
				9DE05C152381E3FC0061AC2E /* Debug */,
				9DE05C162381E3FC0061AC2E /* Release */,
			);
			defaultConfigurationIsVisible = 0;
			defaultConfigurationName = Release;
		};
		9DE05C172381E3FC0061AC2E /* Build configuration list for PBXNativeTarget "MarvelMVC" */ = {
			isa = XCConfigurationList;
			buildConfigurations = (
				9DE05C182381E3FC0061AC2E /* Debug */,
				9DE05C192381E3FC0061AC2E /* Release */,
			);
			defaultConfigurationIsVisible = 0;
			defaultConfigurationName = Release;
		};
		9DE05C1A2381E3FC0061AC2E /* Build configuration list for PBXNativeTarget "MarvelMVCTests" */ = {
			isa = XCConfigurationList;
			buildConfigurations = (
				9DE05C1B2381E3FC0061AC2E /* Debug */,
				9DE05C1C2381E3FC0061AC2E /* Release */,
			);
			defaultConfigurationIsVisible = 0;
			defaultConfigurationName = Release;
		};
		9DE05C1D2381E3FC0061AC2E /* Build configuration list for PBXNativeTarget "MarvelMVCUITests" */ = {
			isa = XCConfigurationList;
			buildConfigurations = (
				9DE05C1E2381E3FC0061AC2E /* Debug */,
				9DE05C1F2381E3FC0061AC2E /* Release */,
			);
			defaultConfigurationIsVisible = 0;
			defaultConfigurationName = Release;
		};
/* End XCConfigurationList section */
	};
	rootObject = 9DE05BE52381E3FA0061AC2E /* Project object */;
}
